// !$*UTF8*$!
{
	archiveVersion = 1;
	classes = {
	};
	objectVersion = 56;
	objects = {

/* Begin PBXBuildFile section */
		EABDBA57297FEA7A0075EB13 /* AppDelegate.swift in Sources */ = {isa = PBXBuildFile; fileRef = EABDBA56297FEA7A0075EB13 /* AppDelegate.swift */; };
		EABDBA59297FEA7A0075EB13 /* SceneDelegate.swift in Sources */ = {isa = PBXBuildFile; fileRef = EABDBA58297FEA7A0075EB13 /* SceneDelegate.swift */; };
		EABDBA5B297FEA7A0075EB13 /* ViewController.swift in Sources */ = {isa = PBXBuildFile; fileRef = EABDBA5A297FEA7A0075EB13 /* ViewController.swift */; };
		EABDBA5E297FEA7A0075EB13 /* Main.storyboard in Resources */ = {isa = PBXBuildFile; fileRef = EABDBA5C297FEA7A0075EB13 /* Main.storyboard */; };
		EABDBA60297FEA7C0075EB13 /* Assets.xcassets in Resources */ = {isa = PBXBuildFile; fileRef = EABDBA5F297FEA7C0075EB13 /* Assets.xcassets */; };
		EABDBA63297FEA7C0075EB13 /* LaunchScreen.storyboard in Resources */ = {isa = PBXBuildFile; fileRef = EABDBA61297FEA7C0075EB13 /* LaunchScreen.storyboard */; };
		EABDBA6E297FEA7C0075EB13 /* CombineTwoImagesTests.swift in Sources */ = {isa = PBXBuildFile; fileRef = EABDBA6D297FEA7C0075EB13 /* CombineTwoImagesTests.swift */; };
		EABDBA78297FEA7C0075EB13 /* CombineTwoImagesUITests.swift in Sources */ = {isa = PBXBuildFile; fileRef = EABDBA77297FEA7C0075EB13 /* CombineTwoImagesUITests.swift */; };
		EABDBA7A297FEA7C0075EB13 /* CombineTwoImagesUITestsLaunchTests.swift in Sources */ = {isa = PBXBuildFile; fileRef = EABDBA79297FEA7C0075EB13 /* CombineTwoImagesUITestsLaunchTests.swift */; };
/* End PBXBuildFile section */

/* Begin PBXContainerItemProxy section */
		EABDBA6A297FEA7C0075EB13 /* PBXContainerItemProxy */ = {
			isa = PBXContainerItemProxy;
			containerPortal = EABDBA4B297FEA7A0075EB13 /* Project object */;
			proxyType = 1;
			remoteGlobalIDString = EABDBA52297FEA7A0075EB13;
			remoteInfo = CombineTwoImages;
		};
		EABDBA74297FEA7C0075EB13 /* PBXContainerItemProxy */ = {
			isa = PBXContainerItemProxy;
			containerPortal = EABDBA4B297FEA7A0075EB13 /* Project object */;
			proxyType = 1;
			remoteGlobalIDString = EABDBA52297FEA7A0075EB13;
			remoteInfo = CombineTwoImages;
		};
/* End PBXContainerItemProxy section */

/* Begin PBXFileReference section */
		EABDBA53297FEA7A0075EB13 /* CombineTwoImages.app */ = {isa = PBXFileReference; explicitFileType = wrapper.application; includeInIndex = 0; path = CombineTwoImages.app; sourceTree = BUILT_PRODUCTS_DIR; };
		EABDBA56297FEA7A0075EB13 /* AppDelegate.swift */ = {isa = PBXFileReference; lastKnownFileType = sourcecode.swift; path = AppDelegate.swift; sourceTree = "<group>"; };
		EABDBA58297FEA7A0075EB13 /* SceneDelegate.swift */ = {isa = PBXFileReference; lastKnownFileType = sourcecode.swift; path = SceneDelegate.swift; sourceTree = "<group>"; };
		EABDBA5A297FEA7A0075EB13 /* ViewController.swift */ = {isa = PBXFileReference; lastKnownFileType = sourcecode.swift; path = ViewController.swift; sourceTree = "<group>"; };
		EABDBA5D297FEA7A0075EB13 /* Base */ = {isa = PBXFileReference; lastKnownFileType = file.storyboard; name = Base; path = Base.lproj/Main.storyboard; sourceTree = "<group>"; };
		EABDBA5F297FEA7C0075EB13 /* Assets.xcassets */ = {isa = PBXFileReference; lastKnownFileType = folder.assetcatalog; path = Assets.xcassets; sourceTree = "<group>"; };
		EABDBA62297FEA7C0075EB13 /* Base */ = {isa = PBXFileReference; lastKnownFileType = file.storyboard; name = Base; path = Base.lproj/LaunchScreen.storyboard; sourceTree = "<group>"; };
		EABDBA64297FEA7C0075EB13 /* Info.plist */ = {isa = PBXFileReference; lastKnownFileType = text.plist.xml; path = Info.plist; sourceTree = "<group>"; };
		EABDBA69297FEA7C0075EB13 /* CombineTwoImagesTests.xctest */ = {isa = PBXFileReference; explicitFileType = wrapper.cfbundle; includeInIndex = 0; path = CombineTwoImagesTests.xctest; sourceTree = BUILT_PRODUCTS_DIR; };
		EABDBA6D297FEA7C0075EB13 /* CombineTwoImagesTests.swift */ = {isa = PBXFileReference; lastKnownFileType = sourcecode.swift; path = CombineTwoImagesTests.swift; sourceTree = "<group>"; };
		EABDBA73297FEA7C0075EB13 /* CombineTwoImagesUITests.xctest */ = {isa = PBXFileReference; explicitFileType = wrapper.cfbundle; includeInIndex = 0; path = CombineTwoImagesUITests.xctest; sourceTree = BUILT_PRODUCTS_DIR; };
		EABDBA77297FEA7C0075EB13 /* CombineTwoImagesUITests.swift */ = {isa = PBXFileReference; lastKnownFileType = sourcecode.swift; path = CombineTwoImagesUITests.swift; sourceTree = "<group>"; };
		EABDBA79297FEA7C0075EB13 /* CombineTwoImagesUITestsLaunchTests.swift */ = {isa = PBXFileReference; lastKnownFileType = sourcecode.swift; path = CombineTwoImagesUITestsLaunchTests.swift; sourceTree = "<group>"; };
/* End PBXFileReference section */

/* Begin PBXFrameworksBuildPhase section */
		EABDBA50297FEA7A0075EB13 /* Frameworks */ = {
			isa = PBXFrameworksBuildPhase;
			buildActionMask = 2147483647;
			files = (
			);
			runOnlyForDeploymentPostprocessing = 0;
		};
		EABDBA66297FEA7C0075EB13 /* Frameworks */ = {
			isa = PBXFrameworksBuildPhase;
			buildActionMask = 2147483647;
			files = (
			);
			runOnlyForDeploymentPostprocessing = 0;
		};
		EABDBA70297FEA7C0075EB13 /* Frameworks */ = {
			isa = PBXFrameworksBuildPhase;
			buildActionMask = 2147483647;
			files = (
			);
			runOnlyForDeploymentPostprocessing = 0;
		};
/* End PBXFrameworksBuildPhase section */

/* Begin PBXGroup section */
		EABDBA4A297FEA7A0075EB13 = {
			isa = PBXGroup;
			children = (
				EABDBA55297FEA7A0075EB13 /* CombineTwoImages */,
				EABDBA6C297FEA7C0075EB13 /* CombineTwoImagesTests */,
				EABDBA76297FEA7C0075EB13 /* CombineTwoImagesUITests */,
				EABDBA54297FEA7A0075EB13 /* Products */,
			);
			sourceTree = "<group>";
		};
		EABDBA54297FEA7A0075EB13 /* Products */ = {
			isa = PBXGroup;
			children = (
				EABDBA53297FEA7A0075EB13 /* CombineTwoImages.app */,
				EABDBA69297FEA7C0075EB13 /* CombineTwoImagesTests.xctest */,
				EABDBA73297FEA7C0075EB13 /* CombineTwoImagesUITests.xctest */,
			);
			name = Products;
			sourceTree = "<group>";
		};
		EABDBA55297FEA7A0075EB13 /* CombineTwoImages */ = {
			isa = PBXGroup;
			children = (
				EABDBA56297FEA7A0075EB13 /* AppDelegate.swift */,
				EABDBA58297FEA7A0075EB13 /* SceneDelegate.swift */,
				EABDBA5A297FEA7A0075EB13 /* ViewController.swift */,
				EABDBA5C297FEA7A0075EB13 /* Main.storyboard */,
				EABDBA5F297FEA7C0075EB13 /* Assets.xcassets */,
				EABDBA61297FEA7C0075EB13 /* LaunchScreen.storyboard */,
				EABDBA64297FEA7C0075EB13 /* Info.plist */,
			);
			path = CombineTwoImages;
			sourceTree = "<group>";
		};
		EABDBA6C297FEA7C0075EB13 /* CombineTwoImagesTests */ = {
			isa = PBXGroup;
			children = (
				EABDBA6D297FEA7C0075EB13 /* CombineTwoImagesTests.swift */,
			);
			path = CombineTwoImagesTests;
			sourceTree = "<group>";
		};
		EABDBA76297FEA7C0075EB13 /* CombineTwoImagesUITests */ = {
			isa = PBXGroup;
			children = (
				EABDBA77297FEA7C0075EB13 /* CombineTwoImagesUITests.swift */,
				EABDBA79297FEA7C0075EB13 /* CombineTwoImagesUITestsLaunchTests.swift */,
			);
			path = CombineTwoImagesUITests;
			sourceTree = "<group>";
		};
/* End PBXGroup section */

/* Begin PBXNativeTarget section */
		EABDBA52297FEA7A0075EB13 /* CombineTwoImages */ = {
			isa = PBXNativeTarget;
			buildConfigurationList = EABDBA7D297FEA7C0075EB13 /* Build configuration list for PBXNativeTarget "CombineTwoImages" */;
			buildPhases = (
				EABDBA4F297FEA7A0075EB13 /* Sources */,
				EABDBA50297FEA7A0075EB13 /* Frameworks */,
				EABDBA51297FEA7A0075EB13 /* Resources */,
			);
			buildRules = (
			);
			dependencies = (
			);
			name = CombineTwoImages;
			productName = CombineTwoImages;
			productReference = EABDBA53297FEA7A0075EB13 /* CombineTwoImages.app */;
			productType = "com.apple.product-type.application";
		};
		EABDBA68297FEA7C0075EB13 /* CombineTwoImagesTests */ = {
			isa = PBXNativeTarget;
			buildConfigurationList = EABDBA80297FEA7C0075EB13 /* Build configuration list for PBXNativeTarget "CombineTwoImagesTests" */;
			buildPhases = (
				EABDBA65297FEA7C0075EB13 /* Sources */,
				EABDBA66297FEA7C0075EB13 /* Frameworks */,
				EABDBA67297FEA7C0075EB13 /* Resources */,
			);
			buildRules = (
			);
			dependencies = (
				EABDBA6B297FEA7C0075EB13 /* PBXTargetDependency */,
			);
			name = CombineTwoImagesTests;
			productName = CombineTwoImagesTests;
			productReference = EABDBA69297FEA7C0075EB13 /* CombineTwoImagesTests.xctest */;
			productType = "com.apple.product-type.bundle.unit-test";
		};
		EABDBA72297FEA7C0075EB13 /* CombineTwoImagesUITests */ = {
			isa = PBXNativeTarget;
			buildConfigurationList = EABDBA83297FEA7C0075EB13 /* Build configuration list for PBXNativeTarget "CombineTwoImagesUITests" */;
			buildPhases = (
				EABDBA6F297FEA7C0075EB13 /* Sources */,
				EABDBA70297FEA7C0075EB13 /* Frameworks */,
				EABDBA71297FEA7C0075EB13 /* Resources */,
			);
			buildRules = (
			);
			dependencies = (
				EABDBA75297FEA7C0075EB13 /* PBXTargetDependency */,
			);
			name = CombineTwoImagesUITests;
			productName = CombineTwoImagesUITests;
			productReference = EABDBA73297FEA7C0075EB13 /* CombineTwoImagesUITests.xctest */;
			productType = "com.apple.product-type.bundle.ui-testing";
		};
/* End PBXNativeTarget section */

/* Begin PBXProject section */
		EABDBA4B297FEA7A0075EB13 /* Project object */ = {
			isa = PBXProject;
			attributes = {
				BuildIndependentTargetsInParallel = 1;
				LastSwiftUpdateCheck = 1400;
				LastUpgradeCheck = 1400;
				TargetAttributes = {
					EABDBA52297FEA7A0075EB13 = {
						CreatedOnToolsVersion = 14.0;
					};
					EABDBA68297FEA7C0075EB13 = {
						CreatedOnToolsVersion = 14.0;
						TestTargetID = EABDBA52297FEA7A0075EB13;
					};
					EABDBA72297FEA7C0075EB13 = {
						CreatedOnToolsVersion = 14.0;
						TestTargetID = EABDBA52297FEA7A0075EB13;
					};
				};
			};
			buildConfigurationList = EABDBA4E297FEA7A0075EB13 /* Build configuration list for PBXProject "CombineTwoImages" */;
			compatibilityVersion = "Xcode 14.0";
			developmentRegion = en;
			hasScannedForEncodings = 0;
			knownRegions = (
				en,
				Base,
			);
			mainGroup = EABDBA4A297FEA7A0075EB13;
			productRefGroup = EABDBA54297FEA7A0075EB13 /* Products */;
			projectDirPath = "";
			projectRoot = "";
			targets = (
				EABDBA52297FEA7A0075EB13 /* CombineTwoImages */,
				EABDBA68297FEA7C0075EB13 /* CombineTwoImagesTests */,
				EABDBA72297FEA7C0075EB13 /* CombineTwoImagesUITests */,
			);
		};
/* End PBXProject section */

/* Begin PBXResourcesBuildPhase section */
		EABDBA51297FEA7A0075EB13 /* Resources */ = {
			isa = PBXResourcesBuildPhase;
			buildActionMask = 2147483647;
			files = (
				EABDBA63297FEA7C0075EB13 /* LaunchScreen.storyboard in Resources */,
				EABDBA60297FEA7C0075EB13 /* Assets.xcassets in Resources */,
				EABDBA5E297FEA7A0075EB13 /* Main.storyboard in Resources */,
			);
			runOnlyForDeploymentPostprocessing = 0;
		};
		EABDBA67297FEA7C0075EB13 /* Resources */ = {
			isa = PBXResourcesBuildPhase;
			buildActionMask = 2147483647;
			files = (
			);
			runOnlyForDeploymentPostprocessing = 0;
		};
		EABDBA71297FEA7C0075EB13 /* Resources */ = {
			isa = PBXResourcesBuildPhase;
			buildActionMask = 2147483647;
			files = (
			);
			runOnlyForDeploymentPostprocessing = 0;
		};
/* End PBXResourcesBuildPhase section */

/* Begin PBXSourcesBuildPhase section */
		EABDBA4F297FEA7A0075EB13 /* Sources */ = {
			isa = PBXSourcesBuildPhase;
			buildActionMask = 2147483647;
			files = (
				EABDBA5B297FEA7A0075EB13 /* ViewController.swift in Sources */,
				EABDBA57297FEA7A0075EB13 /* AppDelegate.swift in Sources */,
				EABDBA59297FEA7A0075EB13 /* SceneDelegate.swift in Sources */,
			);
			runOnlyForDeploymentPostprocessing = 0;
		};
		EABDBA65297FEA7C0075EB13 /* Sources */ = {
			isa = PBXSourcesBuildPhase;
			buildActionMask = 2147483647;
			files = (
				EABDBA6E297FEA7C0075EB13 /* CombineTwoImagesTests.swift in Sources */,
			);
			runOnlyForDeploymentPostprocessing = 0;
		};
		EABDBA6F297FEA7C0075EB13 /* Sources */ = {
			isa = PBXSourcesBuildPhase;
			buildActionMask = 2147483647;
			files = (
				EABDBA78297FEA7C0075EB13 /* CombineTwoImagesUITests.swift in Sources */,
				EABDBA7A297FEA7C0075EB13 /* CombineTwoImagesUITestsLaunchTests.swift in Sources */,
			);
			runOnlyForDeploymentPostprocessing = 0;
		};
/* End PBXSourcesBuildPhase section */

/* Begin PBXTargetDependency section */
		EABDBA6B297FEA7C0075EB13 /* PBXTargetDependency */ = {
			isa = PBXTargetDependency;
			target = EABDBA52297FEA7A0075EB13 /* CombineTwoImages */;
			targetProxy = EABDBA6A297FEA7C0075EB13 /* PBXContainerItemProxy */;
		};
		EABDBA75297FEA7C0075EB13 /* PBXTargetDependency */ = {
			isa = PBXTargetDependency;
			target = EABDBA52297FEA7A0075EB13 /* CombineTwoImages */;
			targetProxy = EABDBA74297FEA7C0075EB13 /* PBXContainerItemProxy */;
		};
/* End PBXTargetDependency section */

/* Begin PBXVariantGroup section */
		EABDBA5C297FEA7A0075EB13 /* Main.storyboard */ = {
			isa = PBXVariantGroup;
			children = (
				EABDBA5D297FEA7A0075EB13 /* Base */,
			);
			name = Main.storyboard;
			sourceTree = "<group>";
		};
		EABDBA61297FEA7C0075EB13 /* LaunchScreen.storyboard */ = {
			isa = PBXVariantGroup;
			children = (
				EABDBA62297FEA7C0075EB13 /* Base */,
			);
			name = LaunchScreen.storyboard;
			sourceTree = "<group>";
		};
/* End PBXVariantGroup section */

/* Begin XCBuildConfiguration section */
		EABDBA7B297FEA7C0075EB13 /* Debug */ = {
			isa = XCBuildConfiguration;
			buildSettings = {
				ALWAYS_SEARCH_USER_PATHS = NO;
				CLANG_ANALYZER_NONNULL = YES;
				CLANG_ANALYZER_NUMBER_OBJECT_CONVERSION = YES_AGGRESSIVE;
				CLANG_CXX_LANGUAGE_STANDARD = "gnu++20";
				CLANG_ENABLE_MODULES = YES;
				CLANG_ENABLE_OBJC_ARC = YES;
				CLANG_ENABLE_OBJC_WEAK = YES;
				CLANG_WARN_BLOCK_CAPTURE_AUTORELEASING = YES;
				CLANG_WARN_BOOL_CONVERSION = YES;
				CLANG_WARN_COMMA = YES;
				CLANG_WARN_CONSTANT_CONVERSION = YES;
				CLANG_WARN_DEPRECATED_OBJC_IMPLEMENTATIONS = YES;
				CLANG_WARN_DIRECT_OBJC_ISA_USAGE = YES_ERROR;
				CLANG_WARN_DOCUMENTATION_COMMENTS = YES;
				CLANG_WARN_EMPTY_BODY = YES;
				CLANG_WARN_ENUM_CONVERSION = YES;
				CLANG_WARN_INFINITE_RECURSION = YES;
				CLANG_WARN_INT_CONVERSION = YES;
				CLANG_WARN_NON_LITERAL_NULL_CONVERSION = YES;
				CLANG_WARN_OBJC_IMPLICIT_RETAIN_SELF = YES;
				CLANG_WARN_OBJC_LITERAL_CONVERSION = YES;
				CLANG_WARN_OBJC_ROOT_CLASS = YES_ERROR;
				CLANG_WARN_QUOTED_INCLUDE_IN_FRAMEWORK_HEADER = YES;
				CLANG_WARN_RANGE_LOOP_ANALYSIS = YES;
				CLANG_WARN_STRICT_PROTOTYPES = YES;
				CLANG_WARN_SUSPICIOUS_MOVE = YES;
				CLANG_WARN_UNGUARDED_AVAILABILITY = YES_AGGRESSIVE;
				CLANG_WARN_UNREACHABLE_CODE = YES;
				CLANG_WARN__DUPLICATE_METHOD_MATCH = YES;
				COPY_PHASE_STRIP = NO;
				DEBUG_INFORMATION_FORMAT = dwarf;
				ENABLE_STRICT_OBJC_MSGSEND = YES;
				ENABLE_TESTABILITY = YES;
				GCC_C_LANGUAGE_STANDARD = gnu11;
				GCC_DYNAMIC_NO_PIC = NO;
				GCC_NO_COMMON_BLOCKS = YES;
				GCC_OPTIMIZATION_LEVEL = 0;
				GCC_PREPROCESSOR_DEFINITIONS = (
					"DEBUG=1",
					"$(inherited)",
				);
				GCC_WARN_64_TO_32_BIT_CONVERSION = YES;
				GCC_WARN_ABOUT_RETURN_TYPE = YES_ERROR;
				GCC_WARN_UNDECLARED_SELECTOR = YES;
				GCC_WARN_UNINITIALIZED_AUTOS = YES_AGGRESSIVE;
				GCC_WARN_UNUSED_FUNCTION = YES;
				GCC_WARN_UNUSED_VARIABLE = YES;
				IPHONEOS_DEPLOYMENT_TARGET = 16.0;
				MTL_ENABLE_DEBUG_INFO = INCLUDE_SOURCE;
				MTL_FAST_MATH = YES;
				ONLY_ACTIVE_ARCH = YES;
				SDKROOT = iphoneos;
				SWIFT_ACTIVE_COMPILATION_CONDITIONS = DEBUG;
				SWIFT_OPTIMIZATION_LEVEL = "-Onone";
			};
			name = Debug;
		};
		EABDBA7C297FEA7C0075EB13 /* Release */ = {
			isa = XCBuildConfiguration;
			buildSettings = {
				ALWAYS_SEARCH_USER_PATHS = NO;
				CLANG_ANALYZER_NONNULL = YES;
				CLANG_ANALYZER_NUMBER_OBJECT_CONVERSION = YES_AGGRESSIVE;
				CLANG_CXX_LANGUAGE_STANDARD = "gnu++20";
				CLANG_ENABLE_MODULES = YES;
				CLANG_ENABLE_OBJC_ARC = YES;
				CLANG_ENABLE_OBJC_WEAK = YES;
				CLANG_WARN_BLOCK_CAPTURE_AUTORELEASING = YES;
				CLANG_WARN_BOOL_CONVERSION = YES;
				CLANG_WARN_COMMA = YES;
				CLANG_WARN_CONSTANT_CONVERSION = YES;
				CLANG_WARN_DEPRECATED_OBJC_IMPLEMENTATIONS = YES;
				CLANG_WARN_DIRECT_OBJC_ISA_USAGE = YES_ERROR;
				CLANG_WARN_DOCUMENTATION_COMMENTS = YES;
				CLANG_WARN_EMPTY_BODY = YES;
				CLANG_WARN_ENUM_CONVERSION = YES;
				CLANG_WARN_INFINITE_RECURSION = YES;
				CLANG_WARN_INT_CONVERSION = YES;
				CLANG_WARN_NON_LITERAL_NULL_CONVERSION = YES;
				CLANG_WARN_OBJC_IMPLICIT_RETAIN_SELF = YES;
				CLANG_WARN_OBJC_LITERAL_CONVERSION = YES;
				CLANG_WARN_OBJC_ROOT_CLASS = YES_ERROR;
				CLANG_WARN_QUOTED_INCLUDE_IN_FRAMEWORK_HEADER = YES;
				CLANG_WARN_RANGE_LOOP_ANALYSIS = YES;
				CLANG_WARN_STRICT_PROTOTYPES = YES;
				CLANG_WARN_SUSPICIOUS_MOVE = YES;
				CLANG_WARN_UNGUARDED_AVAILABILITY = YES_AGGRESSIVE;
				CLANG_WARN_UNREACHABLE_CODE = YES;
				CLANG_WARN__DUPLICATE_METHOD_MATCH = YES;
				COPY_PHASE_STRIP = NO;
				DEBUG_INFORMATION_FORMAT = "dwarf-with-dsym";
				ENABLE_NS_ASSERTIONS = NO;
				ENABLE_STRICT_OBJC_MSGSEND = YES;
				GCC_C_LANGUAGE_STANDARD = gnu11;
				GCC_NO_COMMON_BLOCKS = YES;
				GCC_WARN_64_TO_32_BIT_CONVERSION = YES;
				GCC_WARN_ABOUT_RETURN_TYPE = YES_ERROR;
				GCC_WARN_UNDECLARED_SELECTOR = YES;
				GCC_WARN_UNINITIALIZED_AUTOS = YES_AGGRESSIVE;
				GCC_WARN_UNUSED_FUNCTION = YES;
				GCC_WARN_UNUSED_VARIABLE = YES;
				IPHONEOS_DEPLOYMENT_TARGET = 16.0;
				MTL_ENABLE_DEBUG_INFO = NO;
				MTL_FAST_MATH = YES;
				SDKROOT = iphoneos;
				SWIFT_COMPILATION_MODE = wholemodule;
				SWIFT_OPTIMIZATION_LEVEL = "-O";
				VALIDATE_PRODUCT = YES;
			};
			name = Release;
		};
		EABDBA7E297FEA7C0075EB13 /* Debug */ = {
			isa = XCBuildConfiguration;
			buildSettings = {
				ASSETCATALOG_COMPILER_APPICON_NAME = AppIcon;
				ASSETCATALOG_COMPILER_GLOBAL_ACCENT_COLOR_NAME = AccentColor;
				CODE_SIGN_STYLE = Automatic;
				CURRENT_PROJECT_VERSION = 1;
				GENERATE_INFOPLIST_FILE = YES;
				INFOPLIST_FILE = CombineTwoImages/Info.plist;
				INFOPLIST_KEY_UIApplicationSupportsIndirectInputEvents = YES;
				INFOPLIST_KEY_UILaunchStoryboardName = LaunchScreen;
				INFOPLIST_KEY_UIMainStoryboardFile = Main;
				INFOPLIST_KEY_UISupportedInterfaceOrientations_iPad = "UIInterfaceOrientationPortrait UIInterfaceOrientationPortraitUpsideDown UIInterfaceOrientationLandscapeLeft UIInterfaceOrientationLandscapeRight";
				INFOPLIST_KEY_UISupportedInterfaceOrientations_iPhone = "UIInterfaceOrientationPortrait UIInterfaceOrientationLandscapeLeft UIInterfaceOrientationLandscapeRight";
				LD_RUNPATH_SEARCH_PATHS = (
					"$(inherited)",
					"@executable_path/Frameworks",
				);
				MARKETING_VERSION = 1.0;
				PRODUCT_BUNDLE_IDENTIFIER = Evon.CombineTwoImages;
				PRODUCT_NAME = "$(TARGET_NAME)";
				SWIFT_EMIT_LOC_STRINGS = YES;
				SWIFT_VERSION = 5.0;
				TARGETED_DEVICE_FAMILY = "1,2";
			};
			name = Debug;
		};
		EABDBA7F297FEA7C0075EB13 /* Release */ = {
			isa = XCBuildConfiguration;
			buildSettings = {
				ASSETCATALOG_COMPILER_APPICON_NAME = AppIcon;
				ASSETCATALOG_COMPILER_GLOBAL_ACCENT_COLOR_NAME = AccentColor;
				CODE_SIGN_STYLE = Automatic;
				CURRENT_PROJECT_VERSION = 1;
				GENERATE_INFOPLIST_FILE = YES;
				INFOPLIST_FILE = CombineTwoImages/Info.plist;
				INFOPLIST_KEY_UIApplicationSupportsIndirectInputEvents = YES;
				INFOPLIST_KEY_UILaunchStoryboardName = LaunchScreen;
				INFOPLIST_KEY_UIMainStoryboardFile = Main;
				INFOPLIST_KEY_UISupportedInterfaceOrientations_iPad = "UIInterfaceOrientationPortrait UIInterfaceOrientationPortraitUpsideDown UIInterfaceOrientationLandscapeLeft UIInterfaceOrientationLandscapeRight";
				INFOPLIST_KEY_UISupportedInterfaceOrientations_iPhone = "UIInterfaceOrientationPortrait UIInterfaceOrientationLandscapeLeft UIInterfaceOrientationLandscapeRight";
				LD_RUNPATH_SEARCH_PATHS = (
					"$(inherited)",
					"@executable_path/Frameworks",
				);
				MARKETING_VERSION = 1.0;
				PRODUCT_BUNDLE_IDENTIFIER = Evon.CombineTwoImages;
				PRODUCT_NAME = "$(TARGET_NAME)";
				SWIFT_EMIT_LOC_STRINGS = YES;
				SWIFT_VERSION = 5.0;
				TARGETED_DEVICE_FAMILY = "1,2";
			};
			name = Release;
		};
		EABDBA81297FEA7C0075EB13 /* Debug */ = {
			isa = XCBuildConfiguration;
			buildSettings = {
				ALWAYS_EMBED_SWIFT_STANDARD_LIBRARIES = YES;
				BUNDLE_LOADER = "$(TEST_HOST)";
				CODE_SIGN_STYLE = Automatic;
				CURRENT_PROJECT_VERSION = 1;
				GENERATE_INFOPLIST_FILE = YES;
				IPHONEOS_DEPLOYMENT_TARGET = 16.0;
				MARKETING_VERSION = 1.0;
				PRODUCT_BUNDLE_IDENTIFIER = Evon.CombineTwoImagesTests;
				PRODUCT_NAME = "$(TARGET_NAME)";
				SWIFT_EMIT_LOC_STRINGS = NO;
				SWIFT_VERSION = 5.0;
				TARGETED_DEVICE_FAMILY = "1,2";
				TEST_HOST = "$(BUILT_PRODUCTS_DIR)/CombineTwoImages.app/$(BUNDLE_EXECUTABLE_FOLDER_PATH)/CombineTwoImages";
			};
			name = Debug;
		};
		EABDBA82297FEA7C0075EB13 /* Release */ = {
			isa = XCBuildConfiguration;
			buildSettings = {
				ALWAYS_EMBED_SWIFT_STANDARD_LIBRARIES = YES;
				BUNDLE_LOADER = "$(TEST_HOST)";
				CODE_SIGN_STYLE = Automatic;
				CURRENT_PROJECT_VERSION = 1;
				GENERATE_INFOPLIST_FILE = YES;
				IPHONEOS_DEPLOYMENT_TARGET = 16.0;
				MARKETING_VERSION = 1.0;
				PRODUCT_BUNDLE_IDENTIFIER = Evon.CombineTwoImagesTests;
				PRODUCT_NAME = "$(TARGET_NAME)";
				SWIFT_EMIT_LOC_STRINGS = NO;
				SWIFT_VERSION = 5.0;
				TARGETED_DEVICE_FAMILY = "1,2";
				TEST_HOST = "$(BUILT_PRODUCTS_DIR)/CombineTwoImages.app/$(BUNDLE_EXECUTABLE_FOLDER_PATH)/CombineTwoImages";
			};
			name = Release;
		};
		EABDBA84297FEA7C0075EB13 /* Debug */ = {
			isa = XCBuildConfiguration;
			buildSettings = {
				ALWAYS_EMBED_SWIFT_STANDARD_LIBRARIES = YES;
				CODE_SIGN_STYLE = Automatic;
				CURRENT_PROJECT_VERSION = 1;
				GENERATE_INFOPLIST_FILE = YES;
				MARKETING_VERSION = 1.0;
				PRODUCT_BUNDLE_IDENTIFIER = Evon.CombineTwoImagesUITests;
				PRODUCT_NAME = "$(TARGET_NAME)";
				SWIFT_EMIT_LOC_STRINGS = NO;
				SWIFT_VERSION = 5.0;
				TARGETED_DEVICE_FAMILY = "1,2";
				TEST_TARGET_NAME = CombineTwoImages;
			};
			name = Debug;
		};
		EABDBA85297FEA7C0075EB13 /* Release */ = {
			isa = XCBuildConfiguration;
			buildSettings = {
				ALWAYS_EMBED_SWIFT_STANDARD_LIBRARIES = YES;
				CODE_SIGN_STYLE = Automatic;
				CURRENT_PROJECT_VERSION = 1;
				GENERATE_INFOPLIST_FILE = YES;
				MARKETING_VERSION = 1.0;
				PRODUCT_BUNDLE_IDENTIFIER = Evon.CombineTwoImagesUITests;
				PRODUCT_NAME = "$(TARGET_NAME)";
				SWIFT_EMIT_LOC_STRINGS = NO;
				SWIFT_VERSION = 5.0;
				TARGETED_DEVICE_FAMILY = "1,2";
				TEST_TARGET_NAME = CombineTwoImages;
			};
			name = Release;
		};
/* End XCBuildConfiguration section */

/* Begin XCConfigurationList section */
		EABDBA4E297FEA7A0075EB13 /* Build configuration list for PBXProject "CombineTwoImages" */ = {
			isa = XCConfigurationList;
			buildConfigurations = (
				EABDBA7B297FEA7C0075EB13 /* Debug */,
				EABDBA7C297FEA7C0075EB13 /* Release */,
			);
			defaultConfigurationIsVisible = 0;
			defaultConfigurationName = Release;
		};
		EABDBA7D297FEA7C0075EB13 /* Build configuration list for PBXNativeTarget "CombineTwoImages" */ = {
			isa = XCConfigurationList;
			buildConfigurations = (
				EABDBA7E297FEA7C0075EB13 /* Debug */,
				EABDBA7F297FEA7C0075EB13 /* Release */,
			);
			defaultConfigurationIsVisible = 0;
			defaultConfigurationName = Release;
		};
		EABDBA80297FEA7C0075EB13 /* Build configuration list for PBXNativeTarget "CombineTwoImagesTests" */ = {
			isa = XCConfigurationList;
			buildConfigurations = (
				EABDBA81297FEA7C0075EB13 /* Debug */,
				EABDBA82297FEA7C0075EB13 /* Release */,
			);
			defaultConfigurationIsVisible = 0;
			defaultConfigurationName = Release;
		};
		EABDBA83297FEA7C0075EB13 /* Build configuration list for PBXNativeTarget "CombineTwoImagesUITests" */ = {
			isa = XCConfigurationList;
			buildConfigurations = (
				EABDBA84297FEA7C0075EB13 /* Debug */,
				EABDBA85297FEA7C0075EB13 /* Release */,
			);
			defaultConfigurationIsVisible = 0;
			defaultConfigurationName = Release;
		};
/* End XCConfigurationList section */
	};
	rootObject = EABDBA4B297FEA7A0075EB13 /* Project object */;
}
